# This file is autogenerated, do not edit; changes may be undone by the next 'dep ensure'.


[[projects]]
  name = "github.com/kyokomi/emoji"
  packages = ["."]
  revision = "7e06b236c489543f53868841f188a294e3383eab"
  version = "v1.5"

[solve-meta]
  analyzer-name = "dep"
  analyzer-version = 1
  inputs-digest = "2f275907e300b9048d81ad15e9e4a7c01fd1ffba5b39c7af1f8f0cbb6b90b9a2"
  solver-name = "gps-cdcl"
  solver-version = 1
